
Microsoft Visual Studio Solution File, Format Version 12.00
# Visual Studio Version 17
VisualStudioVersion = 17.13.35913.81 d17.13
MinimumVisualStudioVersion = 10.0.40219.1
Project("{FAE04EC0-301F-11D3-BF4B-00C04F79EFBC}") = "WindowsFormsApp5", "WindowsFormsApp5\WindowsFormsApp5.csproj", "{FEA5CCEB-C556-4A98-8790-B143C78E435D}"
EndProject
Global
	GlobalSection(SolutionConfigurationPlatforms) = preSolution
		Debug|Any CPU = Debug|Any CPU
		Release|Any CPU = Release|Any CPU
	EndGlobalSection
	GlobalSection(ProjectConfigurationPlatforms) = postSolution
		{FEA5CCEB-C556-4A98-8790-B143C78E435D}.Debug|Any CPU.ActiveCfg = Debug|Any CPU
		{FEA5CCEB-C556-4A98-8790-B143C78E435D}.Debug|Any CPU.Build.0 = Debug|Any CPU
		{FEA5CCEB-C556-4A98-8790-B143C78E435D}.Release|Any CPU.ActiveCfg = Release|Any CPU
		{FEA5CCEB-C556-4A98-8790-B143C78E435D}.Release|Any CPU.Build.0 = Release|Any CPU
	EndGlobalSection
	GlobalSection(SolutionProperties) = preSolution
		HideSolutionNode = FALSE
	EndGlobalSection
	GlobalSection(ExtensibilityGlobals) = postSolution
		SolutionGuid = {390AA5E4-511E-4A56-BFF4-86D7EF59AE05}
	EndGlobalSection
EndGlobal
